
Microsoft Visual Studio Solution File, Format Version 12.00
# Visual Studio Version 17
VisualStudioVersion = 17.12.35707.178
MinimumVisualStudioVersion = 10.0.40219.1
Project("{9A19103F-16F7-4668-BE54-9A1E7A4F7556}") = "Simulation", "Simulation\Simulation.csproj", "{3F3AB44F-30D6-49A8-995D-F6A65718A1B3}"
EndProject
Project("{9A19103F-16F7-4668-BE54-9A1E7A4F7556}") = "Win32", "Win32\Win32.csproj", "{02237666-FEBF-434C-B278-59EC72DF2558}"
EndProject
Global
	GlobalSection(SolutionConfigurationPlatforms) = preSolution
		Debug|Any CPU = Debug|Any CPU
		Release|Any CPU = Release|Any CPU
	EndGlobalSection
	GlobalSection(ProjectConfigurationPlatforms) = postSolution
		{3F3AB44F-30D6-49A8-995D-F6A65718A1B3}.Debug|Any CPU.ActiveCfg = Debug|Any CPU
		{3F3AB44F-30D6-49A8-995D-F6A65718A1B3}.Debug|Any CPU.Build.0 = Debug|Any CPU
		{3F3AB44F-30D6-49A8-995D-F6A65718A1B3}.Release|Any CPU.ActiveCfg = Release|Any CPU
		{3F3AB44F-30D6-49A8-995D-F6A65718A1B3}.Release|Any CPU.Build.0 = Release|Any CPU
		{02237666-FEBF-434C-B278-59EC72DF2558}.Debug|Any CPU.ActiveCfg = Debug|Any CPU
		{02237666-FEBF-434C-B278-59EC72DF2558}.Debug|Any CPU.Build.0 = Debug|Any CPU
		{02237666-FEBF-434C-B278-59EC72DF2558}.Release|Any CPU.ActiveCfg = Release|Any CPU
		{02237666-FEBF-434C-B278-59EC72DF2558}.Release|Any CPU.Build.0 = Release|Any CPU
	EndGlobalSection
	GlobalSection(SolutionProperties) = preSolution
		HideSolutionNode = FALSE
	EndGlobalSection
	GlobalSection(ExtensibilityGlobals) = postSolution
		SolutionGuid = {C77006EF-4AA4-401C-91D1-9FFE4C8F6F7B}
	EndGlobalSection
EndGlobal
